lockVersion: 2.0.0
id: 919ebf3c-2226-49f3-85df-c2f92b29f85c
management:
  docChecksum: 61f091a30782a3fd95a155b9eeca38ba
  docVersion: 1.0.0
  speakeasyVersion: internal
  generationVersion: 2.239.4
  releaseVersion: 0.3.0
  configChecksum: 2b13df49b9875948618131cfd9e3f0ec
features:
  python:
    constsAndDefaults: 0.1.2
    core: 4.4.2
    flattening: 2.81.1
    getRequestBodies: 2.81.1
    globalSecurity: 2.83.2
    globalServerURLs: 2.82.1
generatedFiles:
  - src/pydataverse/sdkconfiguration.py
  - src/pydataverse/native.py
  - src/pydataverse/sdk.py
  - pylintrc
  - setup.py
  - src/pydataverse/__init__.py
  - src/pydataverse/utils/__init__.py
  - src/pydataverse/utils/retries.py
  - src/pydataverse/utils/utils.py
  - src/pydataverse/models/errors/sdkerror.py
  - tests/helpers.py
  - src/pydataverse/models/operations/exportdataset.py
  - src/pydataverse/models/operations/getassignments.py
  - src/pydataverse/models/operations/createassignment.py
  - src/pydataverse/models/operations/getdataset.py
  - src/pydataverse/models/operations/deletedataset.py
  - src/pydataverse/models/operations/getdatasetbypid.py
  - src/pydataverse/models/operations/addfiletodataset.py
  - src/pydataverse/models/operations/destroydataset.py
  - src/pydataverse/models/operations/editversionmetadata.py
  - src/pydataverse/models/operations/getprivateurldata.py
  - src/pydataverse/models/operations/createprivateurl.py
  - src/pydataverse/models/operations/deleteprivateurl.py
  - src/pydataverse/models/operations/listversions.py
  - src/pydataverse/models/operations/getversion.py
  - src/pydataverse/models/operations/updatedraftversion.py
  - src/pydataverse/models/operations/deletedraftversion.py
  - src/pydataverse/models/operations/viewdataverse.py
  - src/pydataverse/models/operations/adddataverse.py
  - src/pydataverse/models/operations/deletedataverse.py
  - src/pydataverse/models/operations/publishdataverse.py
  - src/pydataverse/models/operations/listcontent.py
  - src/pydataverse/models/operations/importdataset.py
  - src/pydataverse/models/operations/listfacets.py
  - src/pydataverse/models/operations/setfacets.py
  - src/pydataverse/models/operations/listroles.py
  - src/pydataverse/models/operations/createrole.py
  - src/pydataverse/models/operations/getfiledata.py
  - src/pydataverse/models/operations/deletefileindataset.py
  - src/pydataverse/models/operations/getfilemetadata.py
  - src/pydataverse/models/operations/updatefilemetadata.py
  - src/pydataverse/models/operations/redetectdatafile.py
  - src/pydataverse/models/operations/reingest.py
  - src/pydataverse/models/operations/replacefileindataset.py
  - src/pydataverse/models/operations/restrictfileindataset.py
  - src/pydataverse/models/operations/uningestdatafile.py
  - src/pydataverse/models/operations/gettermsofuse.py
  - src/pydataverse/models/operations/getserver.py
  - src/pydataverse/models/operations/getinfo.py
  - src/pydataverse/models/operations/list.py
  - src/pydataverse/models/operations/getblock.py
  - src/pydataverse/models/operations/createnewrole.py
  - src/pydataverse/models/operations/viewrole.py
  - src/pydataverse/models/operations/deleterole.py
  - src/pydataverse/models/operations/getauthenticateduserbytoken.py
  - src/pydataverse/models/operations/gettokenexpirationdate.py
  - src/pydataverse/models/operations/deletetoken.py
  - src/pydataverse/models/operations/recreatetoken.py
  - src/pydataverse/models/components/roleassignmentdto.py
  - src/pydataverse/models/components/roledto.py
  - src/pydataverse/models/components/security.py
  - src/pydataverse/models/__init__.py
  - src/pydataverse/models/errors/__init__.py
  - src/pydataverse/models/operations/__init__.py
  - src/pydataverse/models/components/__init__.py
  - docs/models/operations/exportdatasetrequest.md
  - docs/models/operations/exportdatasetnativeresponsedefaultresponsebody.md
  - docs/models/operations/exportdatasetnativeresponsebody.md
  - docs/models/operations/exportdatasetresponsebody.md
  - docs/models/operations/exportdatasetresponse.md
  - docs/models/operations/getassignmentsrequest.md
  - docs/models/operations/getassignmentsresponsebody.md
  - docs/models/operations/getassignmentsresponse.md
  - docs/models/operations/createassignmentrequest.md
  - docs/models/operations/createassignmentresponsebody.md
  - docs/models/operations/createassignmentresponse.md
  - docs/models/operations/getdatasetrequest.md
  - docs/models/operations/getdatasetresponsebody.md
  - docs/models/operations/getdatasetresponse.md
  - docs/models/operations/deletedatasetrequest.md
  - docs/models/operations/deletedatasetresponsebody.md
  - docs/models/operations/deletedatasetresponse.md
  - docs/models/operations/getdatasetbypidrequest.md
  - docs/models/operations/getdatasetbypidresponsebody.md
  - docs/models/operations/getdatasetbypidresponse.md
  - docs/models/operations/addfiletodatasetrequest.md
  - docs/models/operations/addfiletodatasetresponsebody.md
  - docs/models/operations/addfiletodatasetresponse.md
  - docs/models/operations/destroydatasetrequest.md
  - docs/models/operations/destroydatasetresponsebody.md
  - docs/models/operations/destroydatasetresponse.md
  - docs/models/operations/editversionmetadatarequest.md
  - docs/models/operations/editversionmetadataresponsebody.md
  - docs/models/operations/editversionmetadataresponse.md
  - docs/models/operations/getprivateurldatarequest.md
  - docs/models/operations/getprivateurldataresponsebody.md
  - docs/models/operations/getprivateurldataresponse.md
  - docs/models/operations/createprivateurlrequest.md
  - docs/models/operations/createprivateurlresponsebody.md
  - docs/models/operations/createprivateurlresponse.md
  - docs/models/operations/deleteprivateurlrequest.md
  - docs/models/operations/deleteprivateurlresponsebody.md
  - docs/models/operations/deleteprivateurlresponse.md
  - docs/models/operations/listversionsrequest.md
  - docs/models/operations/listversionsresponsebody.md
  - docs/models/operations/listversionsresponse.md
  - docs/models/operations/getversionrequest.md
  - docs/models/operations/getversionresponsebody.md
  - docs/models/operations/getversionresponse.md
  - docs/models/operations/updatedraftversionrequest.md
  - docs/models/operations/updatedraftversionresponsebody.md
  - docs/models/operations/updatedraftversionresponse.md
  - docs/models/operations/deletedraftversionrequest.md
  - docs/models/operations/deletedraftversionresponsebody.md
  - docs/models/operations/deletedraftversionresponse.md
  - docs/models/operations/viewdataverserequest.md
  - docs/models/operations/viewdataverseresponsebody.md
  - docs/models/operations/viewdataverseresponse.md
  - docs/models/operations/adddataverserequest.md
  - docs/models/operations/adddataverseresponsebody.md
  - docs/models/operations/adddataverseresponse.md
  - docs/models/operations/deletedataverserequest.md
  - docs/models/operations/deletedataverseresponsebody.md
  - docs/models/operations/deletedataverseresponse.md
  - docs/models/operations/publishdataverserequest.md
  - docs/models/operations/publishdataverseresponsebody.md
  - docs/models/operations/publishdataverseresponse.md
  - docs/models/operations/listcontentrequest.md
  - docs/models/operations/listcontentresponsebody.md
  - docs/models/operations/listcontentresponse.md
  - docs/models/operations/importdatasetrequest.md
  - docs/models/operations/importdatasetresponsebody.md
  - docs/models/operations/importdatasetresponse.md
  - docs/models/operations/listfacetsrequest.md
  - docs/models/operations/listfacetsresponsebody.md
  - docs/models/operations/listfacetsresponse.md
  - docs/models/operations/setfacetsrequest.md
  - docs/models/operations/setfacetsresponsebody.md
  - docs/models/operations/setfacetsresponse.md
  - docs/models/operations/listrolesrequest.md
  - docs/models/operations/listrolesresponsebody.md
  - docs/models/operations/listrolesresponse.md
  - docs/models/operations/createrolerequest.md
  - docs/models/operations/createroleresponsebody.md
  - docs/models/operations/createroleresponse.md
  - docs/models/operations/getfiledatarequest.md
  - docs/models/operations/getfiledataresponsebody.md
  - docs/models/operations/getfiledataresponse.md
  - docs/models/operations/deletefileindatasetrequest.md
  - docs/models/operations/deletefileindatasetresponsebody.md
  - docs/models/operations/deletefileindatasetresponse.md
  - docs/models/operations/getfilemetadatarequest.md
  - docs/models/operations/getfilemetadataresponsebody.md
  - docs/models/operations/getfilemetadataresponse.md
  - docs/models/operations/updatefilemetadatarequest.md
  - docs/models/operations/updatefilemetadataresponsebody.md
  - docs/models/operations/updatefilemetadataresponse.md
  - docs/models/operations/redetectdatafilerequest.md
  - docs/models/operations/redetectdatafileresponsebody.md
  - docs/models/operations/redetectdatafileresponse.md
  - docs/models/operations/reingestrequest.md
  - docs/models/operations/reingestresponsebody.md
  - docs/models/operations/reingestresponse.md
  - docs/models/operations/replacefileindatasetrequest.md
  - docs/models/operations/replacefileindatasetresponsebody.md
  - docs/models/operations/replacefileindatasetresponse.md
  - docs/models/operations/restrictfileindatasetrequest.md
  - docs/models/operations/restrictfileindatasetresponsebody.md
  - docs/models/operations/restrictfileindatasetresponse.md
  - docs/models/operations/uningestdatafilerequest.md
  - docs/models/operations/uningestdatafileresponsebody.md
  - docs/models/operations/uningestdatafileresponse.md
  - docs/models/operations/gettermsofuseresponsebody.md
  - docs/models/operations/gettermsofuseresponse.md
  - docs/models/operations/getserverresponsebody.md
  - docs/models/operations/getserverresponse.md
  - docs/models/operations/getinforesponsebody.md
  - docs/models/operations/getinforesponse.md
  - docs/models/operations/listresponsebody.md
  - docs/models/operations/listresponse.md
  - docs/models/operations/getblockrequest.md
  - docs/models/operations/getblockresponsebody.md
  - docs/models/operations/getblockresponse.md
  - docs/models/operations/createnewrolerequest.md
  - docs/models/operations/createnewroleresponsebody.md
  - docs/models/operations/createnewroleresponse.md
  - docs/models/operations/viewrolerequest.md
  - docs/models/operations/viewroleresponsebody.md
  - docs/models/operations/viewroleresponse.md
  - docs/models/operations/deleterolerequest.md
  - docs/models/operations/deleteroleresponsebody.md
  - docs/models/operations/deleteroleresponse.md
  - docs/models/operations/getauthenticateduserbytokenresponsebody.md
  - docs/models/operations/getauthenticateduserbytokenresponse.md
  - docs/models/operations/gettokenexpirationdateresponsebody.md
  - docs/models/operations/gettokenexpirationdateresponse.md
  - docs/models/operations/deletetokenresponsebody.md
  - docs/models/operations/deletetokenresponse.md
  - docs/models/operations/recreatetokenresponsebody.md
  - docs/models/operations/recreatetokenresponse.md
  - docs/models/components/roleassignmentdto.md
  - docs/models/components/roledto.md
  - docs/models/components/security.md
  - docs/sdks/pydataverse/README.md
  - docs/sdks/native/README.md
  - USAGE.md
  - .gitattributes
