lockVersion: 2.0.0
id: 85c6d9df-e8b5-4c89-8306-4afea041164c
management:
  docChecksum: 61f091a30782a3fd95a155b9eeca38ba
  docVersion: 1.0.0
  speakeasyVersion: internal
  generationVersion: 2.239.4
  releaseVersion: 0.2.0
  configChecksum: 2b13df49b9875948618131cfd9e3f0ec
features:
  typescript:
    acceptHeaders: 2.81.1
    constsAndDefaults: 0.1.1
    core: 3.4.7
    flattening: 2.81.1
    globalSecurity: 2.82.2
    globalServerURLs: 2.82.1
generatedFiles:
  - src/sdk/native.ts
  - src/sdk/sdk.ts
  - .eslintrc.js
  - .npmignore
  - RUNTIMES.md
  - package-lock.json
  - package.json
  - src/index.ts
  - src/lib/base64.ts
  - src/lib/config.ts
  - src/lib/encodings.ts
  - src/lib/event-streams.ts
  - src/lib/http.ts
  - src/lib/retries.ts
  - src/lib/sdks.ts
  - src/lib/security.ts
  - src/lib/url.ts
  - src/sdk/index.ts
  - src/models/errors/sdkerror.ts
  - src/types/blobs.ts
  - src/types/decimal.ts
  - src/types/index.ts
  - src/types/operations.ts
  - src/types/rfcdate.ts
  - tsconfig.json
  - src/models/operations/exportdataset.ts
  - src/models/operations/getassignments.ts
  - src/models/operations/createassignment.ts
  - src/models/operations/getdataset.ts
  - src/models/operations/deletedataset.ts
  - src/models/operations/getdatasetbypid.ts
  - src/models/operations/addfiletodataset.ts
  - src/models/operations/destroydataset.ts
  - src/models/operations/editversionmetadata.ts
  - src/models/operations/getprivateurldata.ts
  - src/models/operations/createprivateurl.ts
  - src/models/operations/deleteprivateurl.ts
  - src/models/operations/listversions.ts
  - src/models/operations/getversion.ts
  - src/models/operations/updatedraftversion.ts
  - src/models/operations/deletedraftversion.ts
  - src/models/operations/viewdataverse.ts
  - src/models/operations/adddataverse.ts
  - src/models/operations/deletedataverse.ts
  - src/models/operations/publishdataverse.ts
  - src/models/operations/listcontent.ts
  - src/models/operations/importdataset.ts
  - src/models/operations/listfacets.ts
  - src/models/operations/setfacets.ts
  - src/models/operations/listroles.ts
  - src/models/operations/createrole.ts
  - src/models/operations/getfiledata.ts
  - src/models/operations/deletefileindataset.ts
  - src/models/operations/updatefilemetadata.ts
  - src/models/operations/redetectdatafile.ts
  - src/models/operations/reingest.ts
  - src/models/operations/replacefileindataset.ts
  - src/models/operations/restrictfileindataset.ts
  - src/models/operations/uningestdatafile.ts
  - src/models/operations/gettermsofuse.ts
  - src/models/operations/getserver.ts
  - src/models/operations/getinfo.ts
  - src/models/operations/list.ts
  - src/models/operations/getblock.ts
  - src/models/operations/createnewrole.ts
  - src/models/operations/viewrole.ts
  - src/models/operations/deleterole.ts
  - src/models/operations/getauthenticateduserbytoken.ts
  - src/models/operations/gettokenexpirationdate.ts
  - src/models/operations/deletetoken.ts
  - src/models/operations/recreatetoken.ts
  - src/models/components/roleassignmentdto.ts
  - src/models/components/roledto.ts
  - src/models/components/security.ts
  - src/models/errors/index.ts
  - src/models/operations/index.ts
  - src/models/components/index.ts
  - docs/models/operations/exportdatasetrequest.md
  - docs/models/operations/exportdatasetnativeresponsedefaultresponsebody.md
  - docs/models/operations/exportdatasetnativeresponsebody.md
  - docs/models/operations/exportdatasetresponsebody.md
  - docs/models/operations/exportdatasetresponse.md
  - docs/models/operations/getassignmentsrequest.md
  - docs/models/operations/getassignmentsresponsebody.md
  - docs/models/operations/getassignmentsresponse.md
  - docs/models/operations/createassignmentrequest.md
  - docs/models/operations/createassignmentresponsebody.md
  - docs/models/operations/createassignmentresponse.md
  - docs/models/operations/getdatasetrequest.md
  - docs/models/operations/getdatasetresponsebody.md
  - docs/models/operations/getdatasetresponse.md
  - docs/models/operations/deletedatasetrequest.md
  - docs/models/operations/deletedatasetresponsebody.md
  - docs/models/operations/deletedatasetresponse.md
  - docs/models/operations/getdatasetbypidrequest.md
  - docs/models/operations/getdatasetbypidresponsebody.md
  - docs/models/operations/getdatasetbypidresponse.md
  - docs/models/operations/addfiletodatasetrequest.md
  - docs/models/operations/addfiletodatasetresponsebody.md
  - docs/models/operations/addfiletodatasetresponse.md
  - docs/models/operations/destroydatasetrequest.md
  - docs/models/operations/destroydatasetresponsebody.md
  - docs/models/operations/destroydatasetresponse.md
  - docs/models/operations/editversionmetadatarequest.md
  - docs/models/operations/editversionmetadataresponsebody.md
  - docs/models/operations/editversionmetadataresponse.md
  - docs/models/operations/getprivateurldatarequest.md
  - docs/models/operations/getprivateurldataresponsebody.md
  - docs/models/operations/getprivateurldataresponse.md
  - docs/models/operations/createprivateurlrequest.md
  - docs/models/operations/createprivateurlresponsebody.md
  - docs/models/operations/createprivateurlresponse.md
  - docs/models/operations/deleteprivateurlrequest.md
  - docs/models/operations/deleteprivateurlresponsebody.md
  - docs/models/operations/deleteprivateurlresponse.md
  - docs/models/operations/listversionsrequest.md
  - docs/models/operations/listversionsresponsebody.md
  - docs/models/operations/listversionsresponse.md
  - docs/models/operations/getversionrequest.md
  - docs/models/operations/getversionresponsebody.md
  - docs/models/operations/getversionresponse.md
  - docs/models/operations/updatedraftversionrequest.md
  - docs/models/operations/updatedraftversionresponsebody.md
  - docs/models/operations/updatedraftversionresponse.md
  - docs/models/operations/deletedraftversionrequest.md
  - docs/models/operations/deletedraftversionresponsebody.md
  - docs/models/operations/deletedraftversionresponse.md
  - docs/models/operations/viewdataverserequest.md
  - docs/models/operations/viewdataverseresponsebody.md
  - docs/models/operations/viewdataverseresponse.md
  - docs/models/operations/adddataverserequest.md
  - docs/models/operations/adddataverseresponsebody.md
  - docs/models/operations/adddataverseresponse.md
  - docs/models/operations/deletedataverserequest.md
  - docs/models/operations/deletedataverseresponsebody.md
  - docs/models/operations/deletedataverseresponse.md
  - docs/models/operations/publishdataverserequest.md
  - docs/models/operations/publishdataverseresponsebody.md
  - docs/models/operations/publishdataverseresponse.md
  - docs/models/operations/listcontentrequest.md
  - docs/models/operations/listcontentresponsebody.md
  - docs/models/operations/listcontentresponse.md
  - docs/models/operations/importdatasetrequest.md
  - docs/models/operations/importdatasetresponsebody.md
  - docs/models/operations/importdatasetresponse.md
  - docs/models/operations/listfacetsrequest.md
  - docs/models/operations/listfacetsresponsebody.md
  - docs/models/operations/listfacetsresponse.md
  - docs/models/operations/setfacetsrequest.md
  - docs/models/operations/setfacetsresponsebody.md
  - docs/models/operations/setfacetsresponse.md
  - docs/models/operations/listrolesrequest.md
  - docs/models/operations/listrolesresponsebody.md
  - docs/models/operations/listrolesresponse.md
  - docs/models/operations/createrolerequest.md
  - docs/models/operations/createroleresponsebody.md
  - docs/models/operations/createroleresponse.md
  - docs/models/operations/getfiledatarequest.md
  - docs/models/operations/getfiledataresponsebody.md
  - docs/models/operations/getfiledataresponse.md
  - docs/models/operations/deletefileindatasetrequest.md
  - docs/models/operations/deletefileindatasetresponsebody.md
  - docs/models/operations/deletefileindatasetresponse.md
  - docs/models/operations/updatefilemetadatarequest.md
  - docs/models/operations/updatefilemetadataresponsebody.md
  - docs/models/operations/updatefilemetadataresponse.md
  - docs/models/operations/redetectdatafilerequest.md
  - docs/models/operations/redetectdatafileresponsebody.md
  - docs/models/operations/redetectdatafileresponse.md
  - docs/models/operations/reingestrequest.md
  - docs/models/operations/reingestresponsebody.md
  - docs/models/operations/reingestresponse.md
  - docs/models/operations/replacefileindatasetrequest.md
  - docs/models/operations/replacefileindatasetresponsebody.md
  - docs/models/operations/replacefileindatasetresponse.md
  - docs/models/operations/restrictfileindatasetrequest.md
  - docs/models/operations/restrictfileindatasetresponsebody.md
  - docs/models/operations/restrictfileindatasetresponse.md
  - docs/models/operations/uningestdatafilerequest.md
  - docs/models/operations/uningestdatafileresponsebody.md
  - docs/models/operations/uningestdatafileresponse.md
  - docs/models/operations/gettermsofuseresponsebody.md
  - docs/models/operations/gettermsofuseresponse.md
  - docs/models/operations/getserverresponsebody.md
  - docs/models/operations/getserverresponse.md
  - docs/models/operations/getinforesponsebody.md
  - docs/models/operations/getinforesponse.md
  - docs/models/operations/listresponsebody.md
  - docs/models/operations/listresponse.md
  - docs/models/operations/getblockrequest.md
  - docs/models/operations/getblockresponsebody.md
  - docs/models/operations/getblockresponse.md
  - docs/models/operations/createnewrolerequest.md
  - docs/models/operations/createnewroleresponsebody.md
  - docs/models/operations/createnewroleresponse.md
  - docs/models/operations/viewrolerequest.md
  - docs/models/operations/viewroleresponsebody.md
  - docs/models/operations/viewroleresponse.md
  - docs/models/operations/deleterolerequest.md
  - docs/models/operations/deleteroleresponsebody.md
  - docs/models/operations/deleteroleresponse.md
  - docs/models/operations/getauthenticateduserbytokenresponsebody.md
  - docs/models/operations/getauthenticateduserbytokenresponse.md
  - docs/models/operations/gettokenexpirationdateresponsebody.md
  - docs/models/operations/gettokenexpirationdateresponse.md
  - docs/models/operations/deletetokenresponsebody.md
  - docs/models/operations/deletetokenresponse.md
  - docs/models/operations/recreatetokenresponsebody.md
  - docs/models/operations/recreatetokenresponse.md
  - docs/models/components/roleassignmentdto.md
  - docs/models/components/roledto.md
  - docs/models/components/security.md
  - docs/sdks/pydataverse/README.md
  - docs/sdks/native/README.md
  - USAGE.md
  - .gitattributes
